// !$*UTF8*$!
{
	archiveVersion = 1;
	classes = {
	};
	objectVersion = 51;
	objects = {

/* Begin PBXBuildFile section */
		3607286A255E4C99002F7405 /* liked.json in Resources */ = {isa = PBXBuildFile; fileRef = 36072869255E4C98002F7405 /* liked.json */; };
		361D1D72255EB2690069B988 /* porsche.ttf in Resources */ = {isa = PBXBuildFile; fileRef = 361D1D71255EB2690069B988 /* porsche.ttf */; };
		361D1D7F255EC7620069B988 /* ordered.json in Resources */ = {isa = PBXBuildFile; fileRef = 361D1D7E255EC7620069B988 /* ordered.json */; };
		3624CCD2255A552300930DB3 /* BlankDetailCollectionViewCell.swift in Sources */ = {isa = PBXBuildFile; fileRef = 3624CCD1255A552300930DB3 /* BlankDetailCollectionViewCell.swift */; };
		36501C26255EADF700BB704F /* categories.json in Resources */ = {isa = PBXBuildFile; fileRef = 36501C25255EADF700BB704F /* categories.json */; };
		36501C2B255EAF8B00BB704F /* User.json in Resources */ = {isa = PBXBuildFile; fileRef = 36501C2A255EAF8B00BB704F /* User.json */; };
		3662E0C42559947800561FE7 /* MainCollectionViewCell.swift in Sources */ = {isa = PBXBuildFile; fileRef = 3662E0C32559947800561FE7 /* MainCollectionViewCell.swift */; };
		3662E0CA25599C1A00561FE7 /* DetailExpandedVC.swift in Sources */ = {isa = PBXBuildFile; fileRef = 3662E0C925599C1A00561FE7 /* DetailExpandedVC.swift */; };
		36912F14255EA93700072A53 /* shopping_cart.json in Resources */ = {isa = PBXBuildFile; fileRef = 36912F13255EA93700072A53 /* shopping_cart.json */; };
		36912F19255EAA8300072A53 /* CartVC.swift in Sources */ = {isa = PBXBuildFile; fileRef = 36912F18255EAA8300072A53 /* CartVC.swift */; };
		36912F1E255EAA9900072A53 /* ProfileVC.swift in Sources */ = {isa = PBXBuildFile; fileRef = 36912F1D255EAA9900072A53 /* ProfileVC.swift */; };
		369B8E40255E4E30001C209E /* AnimationsVC.swift in Sources */ = {isa = PBXBuildFile; fileRef = 369B8E3F255E4E30001C209E /* AnimationsVC.swift */; };
		369C40D325598B420026ACBB /* AppDelegate.swift in Sources */ = {isa = PBXBuildFile; fileRef = 369C40D225598B420026ACBB /* AppDelegate.swift */; };
		369C40D525598B420026ACBB /* SceneDelegate.swift in Sources */ = {isa = PBXBuildFile; fileRef = 369C40D425598B420026ACBB /* SceneDelegate.swift */; };
		369C40D725598B420026ACBB /* ViewController.swift in Sources */ = {isa = PBXBuildFile; fileRef = 369C40D625598B420026ACBB /* ViewController.swift */; };
		369C40DA25598B420026ACBB /* Main.storyboard in Resources */ = {isa = PBXBuildFile; fileRef = 369C40D825598B420026ACBB /* Main.storyboard */; };
		369C40DC25598B440026ACBB /* Assets.xcassets in Resources */ = {isa = PBXBuildFile; fileRef = 369C40DB25598B440026ACBB /* Assets.xcassets */; };
		369C40DF25598B440026ACBB /* LaunchScreen.storyboard in Resources */ = {isa = PBXBuildFile; fileRef = 369C40DD25598B440026ACBB /* LaunchScreen.storyboard */; };
		369C40EA25598B440026ACBB /* TaskZeroTests.swift in Sources */ = {isa = PBXBuildFile; fileRef = 369C40E925598B440026ACBB /* TaskZeroTests.swift */; };
		369C40F525598B440026ACBB /* TaskZeroUITests.swift in Sources */ = {isa = PBXBuildFile; fileRef = 369C40F425598B440026ACBB /* TaskZeroUITests.swift */; };
		36C2011A255D94990052AA7F /* CBTabBarButton.swift in Sources */ = {isa = PBXBuildFile; fileRef = 36C20119255D94990052AA7F /* CBTabBarButton.swift */; };
		36C20121255D94A60052AA7F /* BubbleTabBar.swift in Sources */ = {isa = PBXBuildFile; fileRef = 36C2011E255D94A50052AA7F /* BubbleTabBar.swift */; };
		36C20122255D94A60052AA7F /* BubbleTabBarController.swift in Sources */ = {isa = PBXBuildFile; fileRef = 36C2011F255D94A50052AA7F /* BubbleTabBarController.swift */; };
		36E8ABF0255DCB50006449B7 /* ProductImageVC.swift in Sources */ = {isa = PBXBuildFile; fileRef = 36E8ABEF255DCB50006449B7 /* ProductImageVC.swift */; };
		6761875835118E4B75AEB697 /* Pods_TaskZero_TaskZeroUITests.framework in Frameworks */ = {isa = PBXBuildFile; fileRef = B07EA64FAA500B753BDDCA36 /* Pods_TaskZero_TaskZeroUITests.framework */; };
		75F952B43C250A189D579C0B /* Pods_TaskZero.framework in Frameworks */ = {isa = PBXBuildFile; fileRef = 3FA93A9436AA179D98AB1D48 /* Pods_TaskZero.framework */; };
		8F86CAE7562CD356C5B61069 /* Pods_TaskZeroTests.framework in Frameworks */ = {isa = PBXBuildFile; fileRef = EBF4B09F9C71289435CF7CA4 /* Pods_TaskZeroTests.framework */; };
/* End PBXBuildFile section */

/* Begin PBXContainerItemProxy section */
		369C40E625598B440026ACBB /* PBXContainerItemProxy */ = {
			isa = PBXContainerItemProxy;
			containerPortal = 369C40C725598B420026ACBB /* Project object */;
			proxyType = 1;
			remoteGlobalIDString = 369C40CE25598B420026ACBB;
			remoteInfo = TaskZero;
		};
		369C40F125598B440026ACBB /* PBXContainerItemProxy */ = {
			isa = PBXContainerItemProxy;
			containerPortal = 369C40C725598B420026ACBB /* Project object */;
			proxyType = 1;
			remoteGlobalIDString = 369C40CE25598B420026ACBB;
			remoteInfo = TaskZero;
		};
/* End PBXContainerItemProxy section */

/* Begin PBXFileReference section */
		36072869255E4C98002F7405 /* liked.json */ = {isa = PBXFileReference; fileEncoding = 4; lastKnownFileType = text.json; path = liked.json; sourceTree = "<group>"; };
		361D1D71255EB2690069B988 /* porsche.ttf */ = {isa = PBXFileReference; lastKnownFileType = file; path = porsche.ttf; sourceTree = "<group>"; };
		361D1D7E255EC7620069B988 /* ordered.json */ = {isa = PBXFileReference; fileEncoding = 4; lastKnownFileType = text.json; path = ordered.json; sourceTree = "<group>"; };
		3624CCD1255A552300930DB3 /* BlankDetailCollectionViewCell.swift */ = {isa = PBXFileReference; lastKnownFileType = sourcecode.swift; path = BlankDetailCollectionViewCell.swift; sourceTree = "<group>"; };
		36501C25255EADF700BB704F /* categories.json */ = {isa = PBXFileReference; fileEncoding = 4; lastKnownFileType = text.json; path = categories.json; sourceTree = "<group>"; };
		36501C2A255EAF8B00BB704F /* User.json */ = {isa = PBXFileReference; fileEncoding = 4; lastKnownFileType = text.json; path = User.json; sourceTree = "<group>"; };
		3662E0C32559947800561FE7 /* MainCollectionViewCell.swift */ = {isa = PBXFileReference; lastKnownFileType = sourcecode.swift; path = MainCollectionViewCell.swift; sourceTree = "<group>"; };
		3662E0C925599C1A00561FE7 /* DetailExpandedVC.swift */ = {isa = PBXFileReference; lastKnownFileType = sourcecode.swift; path = DetailExpandedVC.swift; sourceTree = "<group>"; };
		36912F13255EA93700072A53 /* shopping_cart.json */ = {isa = PBXFileReference; fileEncoding = 4; lastKnownFileType = text.json; path = shopping_cart.json; sourceTree = "<group>"; };
		36912F18255EAA8300072A53 /* CartVC.swift */ = {isa = PBXFileReference; lastKnownFileType = sourcecode.swift; path = CartVC.swift; sourceTree = "<group>"; };
		36912F1D255EAA9900072A53 /* ProfileVC.swift */ = {isa = PBXFileReference; lastKnownFileType = sourcecode.swift; path = ProfileVC.swift; sourceTree = "<group>"; };
		369B8E3F255E4E30001C209E /* AnimationsVC.swift */ = {isa = PBXFileReference; lastKnownFileType = sourcecode.swift; path = AnimationsVC.swift; sourceTree = "<group>"; };
		369C40CF25598B420026ACBB /* TaskZero.app */ = {isa = PBXFileReference; explicitFileType = wrapper.application; includeInIndex = 0; path = TaskZero.app; sourceTree = BUILT_PRODUCTS_DIR; };
		369C40D225598B420026ACBB /* AppDelegate.swift */ = {isa = PBXFileReference; lastKnownFileType = sourcecode.swift; path = AppDelegate.swift; sourceTree = "<group>"; };
		369C40D425598B420026ACBB /* SceneDelegate.swift */ = {isa = PBXFileReference; lastKnownFileType = sourcecode.swift; path = SceneDelegate.swift; sourceTree = "<group>"; };
		369C40D625598B420026ACBB /* ViewController.swift */ = {isa = PBXFileReference; lastKnownFileType = sourcecode.swift; path = ViewController.swift; sourceTree = "<group>"; };
		369C40D925598B420026ACBB /* Base */ = {isa = PBXFileReference; lastKnownFileType = file.storyboard; name = Base; path = Base.lproj/Main.storyboard; sourceTree = "<group>"; };
		369C40DB25598B440026ACBB /* Assets.xcassets */ = {isa = PBXFileReference; lastKnownFileType = folder.assetcatalog; path = Assets.xcassets; sourceTree = "<group>"; };
		369C40DE25598B440026ACBB /* Base */ = {isa = PBXFileReference; lastKnownFileType = file.storyboard; name = Base; path = Base.lproj/LaunchScreen.storyboard; sourceTree = "<group>"; };
		369C40E025598B440026ACBB /* Info.plist */ = {isa = PBXFileReference; lastKnownFileType = text.plist.xml; path = Info.plist; sourceTree = "<group>"; };
		369C40E525598B440026ACBB /* TaskZeroTests.xctest */ = {isa = PBXFileReference; explicitFileType = wrapper.cfbundle; includeInIndex = 0; path = TaskZeroTests.xctest; sourceTree = BUILT_PRODUCTS_DIR; };
		369C40E925598B440026ACBB /* TaskZeroTests.swift */ = {isa = PBXFileReference; lastKnownFileType = sourcecode.swift; path = TaskZeroTests.swift; sourceTree = "<group>"; };
		369C40EB25598B440026ACBB /* Info.plist */ = {isa = PBXFileReference; lastKnownFileType = text.plist.xml; path = Info.plist; sourceTree = "<group>"; };
		369C40F025598B440026ACBB /* TaskZeroUITests.xctest */ = {isa = PBXFileReference; explicitFileType = wrapper.cfbundle; includeInIndex = 0; path = TaskZeroUITests.xctest; sourceTree = BUILT_PRODUCTS_DIR; };
		369C40F425598B440026ACBB /* TaskZeroUITests.swift */ = {isa = PBXFileReference; lastKnownFileType = sourcecode.swift; path = TaskZeroUITests.swift; sourceTree = "<group>"; };
		369C40F625598B440026ACBB /* Info.plist */ = {isa = PBXFileReference; lastKnownFileType = text.plist.xml; path = Info.plist; sourceTree = "<group>"; };
		36C20119255D94990052AA7F /* CBTabBarButton.swift */ = {isa = PBXFileReference; fileEncoding = 4; lastKnownFileType = sourcecode.swift; path = CBTabBarButton.swift; sourceTree = "<group>"; };
		36C2011E255D94A50052AA7F /* BubbleTabBar.swift */ = {isa = PBXFileReference; fileEncoding = 4; lastKnownFileType = sourcecode.swift; path = BubbleTabBar.swift; sourceTree = "<group>"; };
		36C2011F255D94A50052AA7F /* BubbleTabBarController.swift */ = {isa = PBXFileReference; fileEncoding = 4; lastKnownFileType = sourcecode.swift; path = BubbleTabBarController.swift; sourceTree = "<group>"; };
		36C20120255D94A50052AA7F /* CBFlashyTabBarController.h */ = {isa = PBXFileReference; fileEncoding = 4; lastKnownFileType = sourcecode.c.h; path = CBFlashyTabBarController.h; sourceTree = "<group>"; };
		36E8ABEF255DCB50006449B7 /* ProductImageVC.swift */ = {isa = PBXFileReference; lastKnownFileType = sourcecode.swift; path = ProductImageVC.swift; sourceTree = "<group>"; };
		3FA93A9436AA179D98AB1D48 /* Pods_TaskZero.framework */ = {isa = PBXFileReference; explicitFileType = wrapper.framework; includeInIndex = 0; path = Pods_TaskZero.framework; sourceTree = BUILT_PRODUCTS_DIR; };
		4BAD1F98B9F369A5318B58E1 /* Pods-TaskZeroTests.release.xcconfig */ = {isa = PBXFileReference; includeInIndex = 1; lastKnownFileType = text.xcconfig; name = "Pods-TaskZeroTests.release.xcconfig"; path = "Target Support Files/Pods-TaskZeroTests/Pods-TaskZeroTests.release.xcconfig"; sourceTree = "<group>"; };
		4C53E01DC197DA4D22473ED6 /* Pods-TaskZero-TaskZeroUITests.release.xcconfig */ = {isa = PBXFileReference; includeInIndex = 1; lastKnownFileType = text.xcconfig; name = "Pods-TaskZero-TaskZeroUITests.release.xcconfig"; path = "Target Support Files/Pods-TaskZero-TaskZeroUITests/Pods-TaskZero-TaskZeroUITests.release.xcconfig"; sourceTree = "<group>"; };
		50FCAEC77AAF9133F25FAEB7 /* Pods-TaskZero.release.xcconfig */ = {isa = PBXFileReference; includeInIndex = 1; lastKnownFileType = text.xcconfig; name = "Pods-TaskZero.release.xcconfig"; path = "Target Support Files/Pods-TaskZero/Pods-TaskZero.release.xcconfig"; sourceTree = "<group>"; };
		56F807652CCF68745807AFDD /* Pods-TaskZeroTests.debug.xcconfig */ = {isa = PBXFileReference; includeInIndex = 1; lastKnownFileType = text.xcconfig; name = "Pods-TaskZeroTests.debug.xcconfig"; path = "Target Support Files/Pods-TaskZeroTests/Pods-TaskZeroTests.debug.xcconfig"; sourceTree = "<group>"; };
		AE80B5CE5DB4C2F40EB19B64 /* Pods-TaskZero.debug.xcconfig */ = {isa = PBXFileReference; includeInIndex = 1; lastKnownFileType = text.xcconfig; name = "Pods-TaskZero.debug.xcconfig"; path = "Target Support Files/Pods-TaskZero/Pods-TaskZero.debug.xcconfig"; sourceTree = "<group>"; };
		B07EA64FAA500B753BDDCA36 /* Pods_TaskZero_TaskZeroUITests.framework */ = {isa = PBXFileReference; explicitFileType = wrapper.framework; includeInIndex = 0; path = Pods_TaskZero_TaskZeroUITests.framework; sourceTree = BUILT_PRODUCTS_DIR; };
		E348F4596C25B6FFED5E8133 /* Pods-TaskZero-TaskZeroUITests.debug.xcconfig */ = {isa = PBXFileReference; includeInIndex = 1; lastKnownFileType = text.xcconfig; name = "Pods-TaskZero-TaskZeroUITests.debug.xcconfig"; path = "Target Support Files/Pods-TaskZero-TaskZeroUITests/Pods-TaskZero-TaskZeroUITests.debug.xcconfig"; sourceTree = "<group>"; };
		EBF4B09F9C71289435CF7CA4 /* Pods_TaskZeroTests.framework */ = {isa = PBXFileReference; explicitFileType = wrapper.framework; includeInIndex = 0; path = Pods_TaskZeroTests.framework; sourceTree = BUILT_PRODUCTS_DIR; };
/* End PBXFileReference section */

/* Begin PBXFrameworksBuildPhase section */
		369C40CC25598B420026ACBB /* Frameworks */ = {
			isa = PBXFrameworksBuildPhase;
			buildActionMask = 2147483647;
			files = (
				75F952B43C250A189D579C0B /* Pods_TaskZero.framework in Frameworks */,
			);
			runOnlyForDeploymentPostprocessing = 0;
		};
		369C40E225598B440026ACBB /* Frameworks */ = {
			isa = PBXFrameworksBuildPhase;
			buildActionMask = 2147483647;
			files = (
				8F86CAE7562CD356C5B61069 /* Pods_TaskZeroTests.framework in Frameworks */,
			);
			runOnlyForDeploymentPostprocessing = 0;
		};
		369C40ED25598B440026ACBB /* Frameworks */ = {
			isa = PBXFrameworksBuildPhase;
			buildActionMask = 2147483647;
			files = (
				6761875835118E4B75AEB697 /* Pods_TaskZero_TaskZeroUITests.framework in Frameworks */,
			);
			runOnlyForDeploymentPostprocessing = 0;
		};
/* End PBXFrameworksBuildPhase section */

/* Begin PBXGroup section */
		3607286E255E4D09002F7405 /* Animations */ = {
			isa = PBXGroup;
			children = (
				36912F13255EA93700072A53 /* shopping_cart.json */,
				36501C25255EADF700BB704F /* categories.json */,
				36501C2A255EAF8B00BB704F /* User.json */,
				361D1D7E255EC7620069B988 /* ordered.json */,
				36072869255E4C98002F7405 /* liked.json */,
			);
			path = Animations;
			sourceTree = "<group>";
		};
		3624CCCD255A4ED200930DB3 /* CollectionViewController */ = {
			isa = PBXGroup;
			children = (
				369C40D625598B420026ACBB /* ViewController.swift */,
				3662E0C32559947800561FE7 /* MainCollectionViewCell.swift */,
			);
			path = CollectionViewController;
			sourceTree = "<group>";
		};
		3624CCD9255A5A7E00930DB3 /* Storyboards */ = {
			isa = PBXGroup;
			children = (
				369C40D825598B420026ACBB /* Main.storyboard */,
				369C40DD25598B440026ACBB /* LaunchScreen.storyboard */,
			);
			path = Storyboards;
			sourceTree = "<group>";
		};
		3624CCDA255A5A9B00930DB3 /* View Controllers */ = {
			isa = PBXGroup;
			children = (
				3624CCCD255A4ED200930DB3 /* CollectionViewController */,
				3624CCDB255A5AA500930DB3 /* DetailExpandedViewController */,
				36E8ABEF255DCB50006449B7 /* ProductImageVC.swift */,
				369B8E3F255E4E30001C209E /* AnimationsVC.swift */,
				36912F18255EAA8300072A53 /* CartVC.swift */,
				36912F1D255EAA9900072A53 /* ProfileVC.swift */,
			);
			path = "View Controllers";
			sourceTree = "<group>";
		};
		3624CCDB255A5AA500930DB3 /* DetailExpandedViewController */ = {
			isa = PBXGroup;
			children = (
				3662E0C925599C1A00561FE7 /* DetailExpandedVC.swift */,
				3624CCD1255A552300930DB3 /* BlankDetailCollectionViewCell.swift */,
			);
			path = DetailExpandedViewController;
			sourceTree = "<group>";
		};
		369C40C625598B420026ACBB = {
			isa = PBXGroup;
			children = (
				369C40D125598B420026ACBB /* TaskZero */,
				369C40E825598B440026ACBB /* TaskZeroTests */,
				369C40F325598B440026ACBB /* TaskZeroUITests */,
				369C40D025598B420026ACBB /* Products */,
				4F963FF4617D6CE7CCE994BB /* Pods */,
				A318DD3EB383215C036B06FF /* Frameworks */,
			);
			sourceTree = "<group>";
		};
		369C40D025598B420026ACBB /* Products */ = {
			isa = PBXGroup;
			children = (
				369C40CF25598B420026ACBB /* TaskZero.app */,
				369C40E525598B440026ACBB /* TaskZeroTests.xctest */,
				369C40F025598B440026ACBB /* TaskZeroUITests.xctest */,
			);
			name = Products;
			sourceTree = "<group>";
		};
		369C40D125598B420026ACBB /* TaskZero */ = {
			isa = PBXGroup;
			children = (
				36C20127255D94EB0052AA7F /* Custom Files */,
				3624CCDA255A5A9B00930DB3 /* View Controllers */,
				3624CCD9255A5A7E00930DB3 /* Storyboards */,
				369C40D225598B420026ACBB /* AppDelegate.swift */,
				369C40D425598B420026ACBB /* SceneDelegate.swift */,
				369C40DB25598B440026ACBB /* Assets.xcassets */,
				369C40E025598B440026ACBB /* Info.plist */,
			);
			path = TaskZero;
			sourceTree = "<group>";
		};
		369C40E825598B440026ACBB /* TaskZeroTests */ = {
			isa = PBXGroup;
			children = (
				369C40E925598B440026ACBB /* TaskZeroTests.swift */,
				369C40EB25598B440026ACBB /* Info.plist */,
			);
			path = TaskZeroTests;
			sourceTree = "<group>";
		};
		369C40F325598B440026ACBB /* TaskZeroUITests */ = {
			isa = PBXGroup;
			children = (
				369C40F425598B440026ACBB /* TaskZeroUITests.swift */,
				369C40F625598B440026ACBB /* Info.plist */,
			);
			path = TaskZeroUITests;
			sourceTree = "<group>";
		};
		36C20126255D94AD0052AA7F /* CustomTabBar */ = {
			isa = PBXGroup;
			children = (
				36C2011E255D94A50052AA7F /* BubbleTabBar.swift */,
				36C2011F255D94A50052AA7F /* BubbleTabBarController.swift */,
				36C20120255D94A50052AA7F /* CBFlashyTabBarController.h */,
				36C20119255D94990052AA7F /* CBTabBarButton.swift */,
			);
			path = CustomTabBar;
			sourceTree = "<group>";
		};
		36C20127255D94EB0052AA7F /* Custom Files */ = {
			isa = PBXGroup;
			children = (
				361D1D71255EB2690069B988 /* porsche.ttf */,
				3607286E255E4D09002F7405 /* Animations */,
				36C20126255D94AD0052AA7F /* CustomTabBar */,
			);
			path = "Custom Files";
			sourceTree = "<group>";
		};
		4F963FF4617D6CE7CCE994BB /* Pods */ = {
			isa = PBXGroup;
			children = (
				AE80B5CE5DB4C2F40EB19B64 /* Pods-TaskZero.debug.xcconfig */,
				50FCAEC77AAF9133F25FAEB7 /* Pods-TaskZero.release.xcconfig */,
				E348F4596C25B6FFED5E8133 /* Pods-TaskZero-TaskZeroUITests.debug.xcconfig */,
				4C53E01DC197DA4D22473ED6 /* Pods-TaskZero-TaskZeroUITests.release.xcconfig */,
				56F807652CCF68745807AFDD /* Pods-TaskZeroTests.debug.xcconfig */,
				4BAD1F98B9F369A5318B58E1 /* Pods-TaskZeroTests.release.xcconfig */,
			);
			path = Pods;
			sourceTree = "<group>";
		};
		A318DD3EB383215C036B06FF /* Frameworks */ = {
			isa = PBXGroup;
			children = (
				3FA93A9436AA179D98AB1D48 /* Pods_TaskZero.framework */,
				B07EA64FAA500B753BDDCA36 /* Pods_TaskZero_TaskZeroUITests.framework */,
				EBF4B09F9C71289435CF7CA4 /* Pods_TaskZeroTests.framework */,
			);
			name = Frameworks;
			sourceTree = "<group>";
		};
/* End PBXGroup section */

/* Begin PBXNativeTarget section */
		369C40CE25598B420026ACBB /* TaskZero */ = {
			isa = PBXNativeTarget;
			buildConfigurationList = 369C40F925598B440026ACBB /* Build configuration list for PBXNativeTarget "TaskZero" */;
			buildPhases = (
				695A54234D17E515F9BA399E /* [CP] Check Pods Manifest.lock */,
				369C40CB25598B420026ACBB /* Sources */,
				369C40CC25598B420026ACBB /* Frameworks */,
				369C40CD25598B420026ACBB /* Resources */,
				FE2F25EC894C84D9DC75240D /* [CP] Embed Pods Frameworks */,
			);
			buildRules = (
			);
			dependencies = (
			);
			name = TaskZero;
			productName = TaskZero;
			productReference = 369C40CF25598B420026ACBB /* TaskZero.app */;
			productType = "com.apple.product-type.application";
		};
		369C40E425598B440026ACBB /* TaskZeroTests */ = {
			isa = PBXNativeTarget;
			buildConfigurationList = 369C40FC25598B440026ACBB /* Build configuration list for PBXNativeTarget "TaskZeroTests" */;
			buildPhases = (
				476D78CE7686F8E8C99269EE /* [CP] Check Pods Manifest.lock */,
				369C40E125598B440026ACBB /* Sources */,
				369C40E225598B440026ACBB /* Frameworks */,
				369C40E325598B440026ACBB /* Resources */,
			);
			buildRules = (
			);
			dependencies = (
				369C40E725598B440026ACBB /* PBXTargetDependency */,
			);
			name = TaskZeroTests;
			productName = TaskZeroTests;
			productReference = 369C40E525598B440026ACBB /* TaskZeroTests.xctest */;
			productType = "com.apple.product-type.bundle.unit-test";
		};
		369C40EF25598B440026ACBB /* TaskZeroUITests */ = {
			isa = PBXNativeTarget;
			buildConfigurationList = 369C40FF25598B440026ACBB /* Build configuration list for PBXNativeTarget "TaskZeroUITests" */;
			buildPhases = (
				020523FB3B4995C4A3863BFB /* [CP] Check Pods Manifest.lock */,
				369C40EC25598B440026ACBB /* Sources */,
				369C40ED25598B440026ACBB /* Frameworks */,
				369C40EE25598B440026ACBB /* Resources */,
				64AE5EECE8715B15DCA0951D /* [CP] Embed Pods Frameworks */,
			);
			buildRules = (
			);
			dependencies = (
				369C40F225598B440026ACBB /* PBXTargetDependency */,
			);
			name = TaskZeroUITests;
			productName = TaskZeroUITests;
			productReference = 369C40F025598B440026ACBB /* TaskZeroUITests.xctest */;
			productType = "com.apple.product-type.bundle.ui-testing";
		};
/* End PBXNativeTarget section */

/* Begin PBXProject section */
		369C40C725598B420026ACBB /* Project object */ = {
			isa = PBXProject;
			attributes = {
				LastSwiftUpdateCheck = 1220;
				LastUpgradeCheck = 1220;
				TargetAttributes = {
					369C40CE25598B420026ACBB = {
						CreatedOnToolsVersion = 12.2;
					};
					369C40E425598B440026ACBB = {
						CreatedOnToolsVersion = 12.2;
						TestTargetID = 369C40CE25598B420026ACBB;
					};
					369C40EF25598B440026ACBB = {
						CreatedOnToolsVersion = 12.2;
						TestTargetID = 369C40CE25598B420026ACBB;
					};
				};
			};
			buildConfigurationList = 369C40CA25598B420026ACBB /* Build configuration list for PBXProject "TaskZero" */;
			compatibilityVersion = "Xcode 9.3";
			developmentRegion = en;
			hasScannedForEncodings = 0;
			knownRegions = (
				en,
				Base,
			);
			mainGroup = 369C40C625598B420026ACBB;
			productRefGroup = 369C40D025598B420026ACBB /* Products */;
			projectDirPath = "";
			projectRoot = "";
			targets = (
				369C40CE25598B420026ACBB /* TaskZero */,
				369C40E425598B440026ACBB /* TaskZeroTests */,
				369C40EF25598B440026ACBB /* TaskZeroUITests */,
			);
		};
/* End PBXProject section */

/* Begin PBXResourcesBuildPhase section */
		369C40CD25598B420026ACBB /* Resources */ = {
			isa = PBXResourcesBuildPhase;
			buildActionMask = 2147483647;
			files = (
				36912F14255EA93700072A53 /* shopping_cart.json in Resources */,
				36501C26255EADF700BB704F /* categories.json in Resources */,
				361D1D7F255EC7620069B988 /* ordered.json in Resources */,
				369C40DF25598B440026ACBB /* LaunchScreen.storyboard in Resources */,
				361D1D72255EB2690069B988 /* porsche.ttf in Resources */,
				36501C2B255EAF8B00BB704F /* User.json in Resources */,
				369C40DC25598B440026ACBB /* Assets.xcassets in Resources */,
				369C40DA25598B420026ACBB /* Main.storyboard in Resources */,
				3607286A255E4C99002F7405 /* liked.json in Resources */,
			);
			runOnlyForDeploymentPostprocessing = 0;
		};
		369C40E325598B440026ACBB /* Resources */ = {
			isa = PBXResourcesBuildPhase;
			buildActionMask = 2147483647;
			files = (
			);
			runOnlyForDeploymentPostprocessing = 0;
		};
		369C40EE25598B440026ACBB /* Resources */ = {
			isa = PBXResourcesBuildPhase;
			buildActionMask = 2147483647;
			files = (
			);
			runOnlyForDeploymentPostprocessing = 0;
		};
/* End PBXResourcesBuildPhase section */

/* Begin PBXShellScriptBuildPhase section */
		020523FB3B4995C4A3863BFB /* [CP] Check Pods Manifest.lock */ = {
			isa = PBXShellScriptBuildPhase;
			buildActionMask = 2147483647;
			files = (
			);
			inputFileListPaths = (
			);
			inputPaths = (
				"${PODS_PODFILE_DIR_PATH}/Podfile.lock",
				"${PODS_ROOT}/Manifest.lock",
			);
			name = "[CP] Check Pods Manifest.lock";
			outputFileListPaths = (
			);
			outputPaths = (
				"$(DERIVED_FILE_DIR)/Pods-TaskZero-TaskZeroUITests-checkManifestLockResult.txt",
			);
			runOnlyForDeploymentPostprocessing = 0;
			shellPath = /bin/sh;
			shellScript = "diff \"${PODS_PODFILE_DIR_PATH}/Podfile.lock\" \"${PODS_ROOT}/Manifest.lock\" > /dev/null\nif [ $? != 0 ] ; then\n    # print error to STDERR\n    echo \"error: The sandbox is not in sync with the Podfile.lock. Run 'pod install' or update your CocoaPods installation.\" >&2\n    exit 1\nfi\n# This output is used by Xcode 'outputs' to avoid re-running this script phase.\necho \"SUCCESS\" > \"${SCRIPT_OUTPUT_FILE_0}\"\n";
			showEnvVarsInLog = 0;
		};
		476D78CE7686F8E8C99269EE /* [CP] Check Pods Manifest.lock */ = {
			isa = PBXShellScriptBuildPhase;
			buildActionMask = 2147483647;
			files = (
			);
			inputFileListPaths = (
			);
			inputPaths = (
				"${PODS_PODFILE_DIR_PATH}/Podfile.lock",
				"${PODS_ROOT}/Manifest.lock",
			);
			name = "[CP] Check Pods Manifest.lock";
			outputFileListPaths = (
			);
			outputPaths = (
				"$(DERIVED_FILE_DIR)/Pods-TaskZeroTests-checkManifestLockResult.txt",
			);
			runOnlyForDeploymentPostprocessing = 0;
			shellPath = /bin/sh;
			shellScript = "diff \"${PODS_PODFILE_DIR_PATH}/Podfile.lock\" \"${PODS_ROOT}/Manifest.lock\" > /dev/null\nif [ $? != 0 ] ; then\n    # print error to STDERR\n    echo \"error: The sandbox is not in sync with the Podfile.lock. Run 'pod install' or update your CocoaPods installation.\" >&2\n    exit 1\nfi\n# This output is used by Xcode 'outputs' to avoid re-running this script phase.\necho \"SUCCESS\" > \"${SCRIPT_OUTPUT_FILE_0}\"\n";
			showEnvVarsInLog = 0;
		};
		64AE5EECE8715B15DCA0951D /* [CP] Embed Pods Frameworks */ = {
			isa = PBXShellScriptBuildPhase;
			buildActionMask = 2147483647;
			files = (
			);
			inputFileListPaths = (
				"${PODS_ROOT}/Target Support Files/Pods-TaskZero-TaskZeroUITests/Pods-TaskZero-TaskZeroUITests-frameworks-${CONFIGURATION}-input-files.xcfilelist",
			);
			name = "[CP] Embed Pods Frameworks";
			outputFileListPaths = (
				"${PODS_ROOT}/Target Support Files/Pods-TaskZero-TaskZeroUITests/Pods-TaskZero-TaskZeroUITests-frameworks-${CONFIGURATION}-output-files.xcfilelist",
			);
			runOnlyForDeploymentPostprocessing = 0;
			shellPath = /bin/sh;
			shellScript = "\"${PODS_ROOT}/Target Support Files/Pods-TaskZero-TaskZeroUITests/Pods-TaskZero-TaskZeroUITests-frameworks.sh\"\n";
			showEnvVarsInLog = 0;
		};
		695A54234D17E515F9BA399E /* [CP] Check Pods Manifest.lock */ = {
			isa = PBXShellScriptBuildPhase;
			buildActionMask = 2147483647;
			files = (
			);
			inputFileListPaths = (
			);
			inputPaths = (
				"${PODS_PODFILE_DIR_PATH}/Podfile.lock",
				"${PODS_ROOT}/Manifest.lock",
			);
			name = "[CP] Check Pods Manifest.lock";
			outputFileListPaths = (
			);
			outputPaths = (
				"$(DERIVED_FILE_DIR)/Pods-TaskZero-checkManifestLockResult.txt",
			);
			runOnlyForDeploymentPostprocessing = 0;
			shellPath = /bin/sh;
			shellScript = "diff \"${PODS_PODFILE_DIR_PATH}/Podfile.lock\" \"${PODS_ROOT}/Manifest.lock\" > /dev/null\nif [ $? != 0 ] ; then\n    # print error to STDERR\n    echo \"error: The sandbox is not in sync with the Podfile.lock. Run 'pod install' or update your CocoaPods installation.\" >&2\n    exit 1\nfi\n# This output is used by Xcode 'outputs' to avoid re-running this script phase.\necho \"SUCCESS\" > \"${SCRIPT_OUTPUT_FILE_0}\"\n";
			showEnvVarsInLog = 0;
		};
		FE2F25EC894C84D9DC75240D /* [CP] Embed Pods Frameworks */ = {
			isa = PBXShellScriptBuildPhase;
			buildActionMask = 2147483647;
			files = (
			);
			inputFileListPaths = (
				"${PODS_ROOT}/Target Support Files/Pods-TaskZero/Pods-TaskZero-frameworks-${CONFIGURATION}-input-files.xcfilelist",
			);
			name = "[CP] Embed Pods Frameworks";
			outputFileListPaths = (
				"${PODS_ROOT}/Target Support Files/Pods-TaskZero/Pods-TaskZero-frameworks-${CONFIGURATION}-output-files.xcfilelist",
			);
			runOnlyForDeploymentPostprocessing = 0;
			shellPath = /bin/sh;
			shellScript = "\"${PODS_ROOT}/Target Support Files/Pods-TaskZero/Pods-TaskZero-frameworks.sh\"\n";
			showEnvVarsInLog = 0;
		};
/* End PBXShellScriptBuildPhase section */

/* Begin PBXSourcesBuildPhase section */
		369C40CB25598B420026ACBB /* Sources */ = {
			isa = PBXSourcesBuildPhase;
			buildActionMask = 2147483647;
			files = (
				369B8E40255E4E30001C209E /* AnimationsVC.swift in Sources */,
				36C2011A255D94990052AA7F /* CBTabBarButton.swift in Sources */,
				36912F19255EAA8300072A53 /* CartVC.swift in Sources */,
				36C20122255D94A60052AA7F /* BubbleTabBarController.swift in Sources */,
				369C40D725598B420026ACBB /* ViewController.swift in Sources */,
				369C40D325598B420026ACBB /* AppDelegate.swift in Sources */,
				369C40D525598B420026ACBB /* SceneDelegate.swift in Sources */,
				3662E0C42559947800561FE7 /* MainCollectionViewCell.swift in Sources */,
				36912F1E255EAA9900072A53 /* ProfileVC.swift in Sources */,
				36E8ABF0255DCB50006449B7 /* ProductImageVC.swift in Sources */,
				36C20121255D94A60052AA7F /* BubbleTabBar.swift in Sources */,
				3624CCD2255A552300930DB3 /* BlankDetailCollectionViewCell.swift in Sources */,
				3662E0CA25599C1A00561FE7 /* DetailExpandedVC.swift in Sources */,
			);
			runOnlyForDeploymentPostprocessing = 0;
		};
		369C40E125598B440026ACBB /* Sources */ = {
			isa = PBXSourcesBuildPhase;
			buildActionMask = 2147483647;
			files = (
				369C40EA25598B440026ACBB /* TaskZeroTests.swift in Sources */,
			);
			runOnlyForDeploymentPostprocessing = 0;
		};
		369C40EC25598B440026ACBB /* Sources */ = {
			isa = PBXSourcesBuildPhase;
			buildActionMask = 2147483647;
			files = (
				369C40F525598B440026ACBB /* TaskZeroUITests.swift in Sources */,
			);
			runOnlyForDeploymentPostprocessing = 0;
		};
/* End PBXSourcesBuildPhase section */

/* Begin PBXTargetDependency section */
		369C40E725598B440026ACBB /* PBXTargetDependency */ = {
			isa = PBXTargetDependency;
			target = 369C40CE25598B420026ACBB /* TaskZero */;
			targetProxy = 369C40E625598B440026ACBB /* PBXContainerItemProxy */;
		};
		369C40F225598B440026ACBB /* PBXTargetDependency */ = {
			isa = PBXTargetDependency;
			target = 369C40CE25598B420026ACBB /* TaskZero */;
			targetProxy = 369C40F125598B440026ACBB /* PBXContainerItemProxy */;
		};
/* End PBXTargetDependency section */

/* Begin PBXVariantGroup section */
		369C40D825598B420026ACBB /* Main.storyboard */ = {
			isa = PBXVariantGroup;
			children = (
				369C40D925598B420026ACBB /* Base */,
			);
			name = Main.storyboard;
			sourceTree = "<group>";
		};
		369C40DD25598B440026ACBB /* LaunchScreen.storyboard */ = {
			isa = PBXVariantGroup;
			children = (
				369C40DE25598B440026ACBB /* Base */,
			);
			name = LaunchScreen.storyboard;
			sourceTree = "<group>";
		};
/* End PBXVariantGroup section */

/* Begin XCBuildConfiguration section */
		369C40F725598B440026ACBB /* Debug */ = {
			isa = XCBuildConfiguration;
			buildSettings = {
				ALWAYS_SEARCH_USER_PATHS = NO;
				CLANG_ANALYZER_NONNULL = YES;
				CLANG_ANALYZER_NUMBER_OBJECT_CONVERSION = YES_AGGRESSIVE;
				CLANG_CXX_LANGUAGE_STANDARD = "gnu++14";
				CLANG_CXX_LIBRARY = "libc++";
				CLANG_ENABLE_MODULES = YES;
				CLANG_ENABLE_OBJC_ARC = YES;
				CLANG_ENABLE_OBJC_WEAK = YES;
				CLANG_WARN_BLOCK_CAPTURE_AUTORELEASING = YES;
				CLANG_WARN_BOOL_CONVERSION = YES;
				CLANG_WARN_COMMA = YES;
				CLANG_WARN_CONSTANT_CONVERSION = YES;
				CLANG_WARN_DEPRECATED_OBJC_IMPLEMENTATIONS = YES;
				CLANG_WARN_DIRECT_OBJC_ISA_USAGE = YES_ERROR;
				CLANG_WARN_DOCUMENTATION_COMMENTS = YES;
				CLANG_WARN_EMPTY_BODY = YES;
				CLANG_WARN_ENUM_CONVERSION = YES;
				CLANG_WARN_INFINITE_RECURSION = YES;
				CLANG_WARN_INT_CONVERSION = YES;
				CLANG_WARN_NON_LITERAL_NULL_CONVERSION = YES;
				CLANG_WARN_OBJC_IMPLICIT_RETAIN_SELF = YES;
				CLANG_WARN_OBJC_LITERAL_CONVERSION = YES;
				CLANG_WARN_OBJC_ROOT_CLASS = YES_ERROR;
				CLANG_WARN_QUOTED_INCLUDE_IN_FRAMEWORK_HEADER = YES;
				CLANG_WARN_RANGE_LOOP_ANALYSIS = YES;
				CLANG_WARN_STRICT_PROTOTYPES = YES;
				CLANG_WARN_SUSPICIOUS_MOVE = YES;
				CLANG_WARN_UNGUARDED_AVAILABILITY = YES_AGGRESSIVE;
				CLANG_WARN_UNREACHABLE_CODE = YES;
				CLANG_WARN__DUPLICATE_METHOD_MATCH = YES;
				COPY_PHASE_STRIP = NO;
				DEBUG_INFORMATION_FORMAT = dwarf;
				ENABLE_STRICT_OBJC_MSGSEND = YES;
				ENABLE_TESTABILITY = YES;
				GCC_C_LANGUAGE_STANDARD = gnu11;
				GCC_DYNAMIC_NO_PIC = NO;
				GCC_NO_COMMON_BLOCKS = YES;
				GCC_OPTIMIZATION_LEVEL = 0;
				GCC_PREPROCESSOR_DEFINITIONS = (
					"DEBUG=1",
					"$(inherited)",
				);
				GCC_WARN_64_TO_32_BIT_CONVERSION = YES;
				GCC_WARN_ABOUT_RETURN_TYPE = YES_ERROR;
				GCC_WARN_UNDECLARED_SELECTOR = YES;
				GCC_WARN_UNINITIALIZED_AUTOS = YES_AGGRESSIVE;
				GCC_WARN_UNUSED_FUNCTION = YES;
				GCC_WARN_UNUSED_VARIABLE = YES;
				IPHONEOS_DEPLOYMENT_TARGET = 14.2;
				MTL_ENABLE_DEBUG_INFO = INCLUDE_SOURCE;
				MTL_FAST_MATH = YES;
				ONLY_ACTIVE_ARCH = YES;
				SDKROOT = iphoneos;
				SWIFT_ACTIVE_COMPILATION_CONDITIONS = DEBUG;
				SWIFT_OPTIMIZATION_LEVEL = "-Onone";
			};
			name = Debug;
		};
		369C40F825598B440026ACBB /* Release */ = {
			isa = XCBuildConfiguration;
			buildSettings = {
				ALWAYS_SEARCH_USER_PATHS = NO;
				CLANG_ANALYZER_NONNULL = YES;
				CLANG_ANALYZER_NUMBER_OBJECT_CONVERSION = YES_AGGRESSIVE;
				CLANG_CXX_LANGUAGE_STANDARD = "gnu++14";
				CLANG_CXX_LIBRARY = "libc++";
				CLANG_ENABLE_MODULES = YES;
				CLANG_ENABLE_OBJC_ARC = YES;
				CLANG_ENABLE_OBJC_WEAK = YES;
				CLANG_WARN_BLOCK_CAPTURE_AUTORELEASING = YES;
				CLANG_WARN_BOOL_CONVERSION = YES;
				CLANG_WARN_COMMA = YES;
				CLANG_WARN_CONSTANT_CONVERSION = YES;
				CLANG_WARN_DEPRECATED_OBJC_IMPLEMENTATIONS = YES;
				CLANG_WARN_DIRECT_OBJC_ISA_USAGE = YES_ERROR;
				CLANG_WARN_DOCUMENTATION_COMMENTS = YES;
				CLANG_WARN_EMPTY_BODY = YES;
				CLANG_WARN_ENUM_CONVERSION = YES;
				CLANG_WARN_INFINITE_RECURSION = YES;
				CLANG_WARN_INT_CONVERSION = YES;
				CLANG_WARN_NON_LITERAL_NULL_CONVERSION = YES;
				CLANG_WARN_OBJC_IMPLICIT_RETAIN_SELF = YES;
				CLANG_WARN_OBJC_LITERAL_CONVERSION = YES;
				CLANG_WARN_OBJC_ROOT_CLASS = YES_ERROR;
				CLANG_WARN_QUOTED_INCLUDE_IN_FRAMEWORK_HEADER = YES;
				CLANG_WARN_RANGE_LOOP_ANALYSIS = YES;
				CLANG_WARN_STRICT_PROTOTYPES = YES;
				CLANG_WARN_SUSPICIOUS_MOVE = YES;
				CLANG_WARN_UNGUARDED_AVAILABILITY = YES_AGGRESSIVE;
				CLANG_WARN_UNREACHABLE_CODE = YES;
				CLANG_WARN__DUPLICATE_METHOD_MATCH = YES;
				COPY_PHASE_STRIP = NO;
				DEBUG_INFORMATION_FORMAT = "dwarf-with-dsym";
				ENABLE_NS_ASSERTIONS = NO;
				ENABLE_STRICT_OBJC_MSGSEND = YES;
				GCC_C_LANGUAGE_STANDARD = gnu11;
				GCC_NO_COMMON_BLOCKS = YES;
				GCC_WARN_64_TO_32_BIT_CONVERSION = YES;
				GCC_WARN_ABOUT_RETURN_TYPE = YES_ERROR;
				GCC_WARN_UNDECLARED_SELECTOR = YES;
				GCC_WARN_UNINITIALIZED_AUTOS = YES_AGGRESSIVE;
				GCC_WARN_UNUSED_FUNCTION = YES;
				GCC_WARN_UNUSED_VARIABLE = YES;
				IPHONEOS_DEPLOYMENT_TARGET = 14.2;
				MTL_ENABLE_DEBUG_INFO = NO;
				MTL_FAST_MATH = YES;
				SDKROOT = iphoneos;
				SWIFT_COMPILATION_MODE = wholemodule;
				SWIFT_OPTIMIZATION_LEVEL = "-O";
				VALIDATE_PRODUCT = YES;
			};
			name = Release;
		};
		369C40FA25598B440026ACBB /* Debug */ = {
			isa = XCBuildConfiguration;
			baseConfigurationReference = AE80B5CE5DB4C2F40EB19B64 /* Pods-TaskZero.debug.xcconfig */;
			buildSettings = {
				ASSETCATALOG_COMPILER_APPICON_NAME = AppIcon;
				ASSETCATALOG_COMPILER_GLOBAL_ACCENT_COLOR_NAME = AccentColor;
				CODE_SIGN_STYLE = Automatic;
				DEVELOPMENT_TEAM = JL7UZ93S3L;
				INFOPLIST_FILE = TaskZero/Info.plist;
				LD_RUNPATH_SEARCH_PATHS = (
					"$(inherited)",
					"@executable_path/Frameworks",
				);
				PRODUCT_BUNDLE_IDENTIFIER = tdc.TaskZero;
				PRODUCT_NAME = "$(TARGET_NAME)";
				SWIFT_VERSION = 5.0;
				TARGETED_DEVICE_FAMILY = "1,2";
			};
			name = Debug;
		};
		369C40FB25598B440026ACBB /* Release */ = {
			isa = XCBuildConfiguration;
			baseConfigurationReference = 50FCAEC77AAF9133F25FAEB7 /* Pods-TaskZero.release.xcconfig */;
			buildSettings = {
				ASSETCATALOG_COMPILER_APPICON_NAME = AppIcon;
				ASSETCATALOG_COMPILER_GLOBAL_ACCENT_COLOR_NAME = AccentColor;
				CODE_SIGN_STYLE = Automatic;
				DEVELOPMENT_TEAM = JL7UZ93S3L;
				INFOPLIST_FILE = TaskZero/Info.plist;
				LD_RUNPATH_SEARCH_PATHS = (
					"$(inherited)",
					"@executable_path/Frameworks",
				);
				PRODUCT_BUNDLE_IDENTIFIER = tdc.TaskZero;
				PRODUCT_NAME = "$(TARGET_NAME)";
				SWIFT_VERSION = 5.0;
				TARGETED_DEVICE_FAMILY = "1,2";
			};
			name = Release;
		};
		369C40FD25598B440026ACBB /* Debug */ = {
			isa = XCBuildConfiguration;
			baseConfigurationReference = 56F807652CCF68745807AFDD /* Pods-TaskZeroTests.debug.xcconfig */;
			buildSettings = {
				ALWAYS_EMBED_SWIFT_STANDARD_LIBRARIES = YES;
				BUNDLE_LOADER = "$(TEST_HOST)";
				CODE_SIGN_STYLE = Automatic;
				DEVELOPMENT_TEAM = JL7UZ93S3L;
				INFOPLIST_FILE = TaskZeroTests/Info.plist;
				IPHONEOS_DEPLOYMENT_TARGET = 14.2;
				LD_RUNPATH_SEARCH_PATHS = (
					"$(inherited)",
					"@executable_path/Frameworks",
					"@loader_path/Frameworks",
				);
				PRODUCT_BUNDLE_IDENTIFIER = tdc.TaskZeroTests;
				PRODUCT_NAME = "$(TARGET_NAME)";
				SWIFT_VERSION = 5.0;
				TARGETED_DEVICE_FAMILY = "1,2";
				TEST_HOST = "$(BUILT_PRODUCTS_DIR)/TaskZero.app/TaskZero";
			};
			name = Debug;
		};
		369C40FE25598B440026ACBB /* Release */ = {
			isa = XCBuildConfiguration;
			baseConfigurationReference = 4BAD1F98B9F369A5318B58E1 /* Pods-TaskZeroTests.release.xcconfig */;
			buildSettings = {
				ALWAYS_EMBED_SWIFT_STANDARD_LIBRARIES = YES;
				BUNDLE_LOADER = "$(TEST_HOST)";
				CODE_SIGN_STYLE = Automatic;
				DEVELOPMENT_TEAM = JL7UZ93S3L;
				INFOPLIST_FILE = TaskZeroTests/Info.plist;
				IPHONEOS_DEPLOYMENT_TARGET = 14.2;
				LD_RUNPATH_SEARCH_PATHS = (
					"$(inherited)",
					"@executable_path/Frameworks",
					"@loader_path/Frameworks",
				);
				PRODUCT_BUNDLE_IDENTIFIER = tdc.TaskZeroTests;
				PRODUCT_NAME = "$(TARGET_NAME)";
				SWIFT_VERSION = 5.0;
				TARGETED_DEVICE_FAMILY = "1,2";
				TEST_HOST = "$(BUILT_PRODUCTS_DIR)/TaskZero.app/TaskZero";
			};
			name = Release;
		};
		369C410025598B440026ACBB /* Debug */ = {
			isa = XCBuildConfiguration;
			baseConfigurationReference = E348F4596C25B6FFED5E8133 /* Pods-TaskZero-TaskZeroUITests.debug.xcconfig */;
			buildSettings = {
				ALWAYS_EMBED_SWIFT_STANDARD_LIBRARIES = YES;
				CODE_SIGN_STYLE = Automatic;
				DEVELOPMENT_TEAM = JL7UZ93S3L;
				INFOPLIST_FILE = TaskZeroUITests/Info.plist;
				LD_RUNPATH_SEARCH_PATHS = (
					"$(inherited)",
					"@executable_path/Frameworks",
					"@loader_path/Frameworks",
				);
				PRODUCT_BUNDLE_IDENTIFIER = tdc.TaskZeroUITests;
				PRODUCT_NAME = "$(TARGET_NAME)";
				SWIFT_VERSION = 5.0;
				TARGETED_DEVICE_FAMILY = "1,2";
				TEST_TARGET_NAME = TaskZero;
			};
			name = Debug;
		};
		369C410125598B440026ACBB /* Release */ = {
			isa = XCBuildConfiguration;
			baseConfigurationReference = 4C53E01DC197DA4D22473ED6 /* Pods-TaskZero-TaskZeroUITests.release.xcconfig */;
			buildSettings = {
				ALWAYS_EMBED_SWIFT_STANDARD_LIBRARIES = YES;
				CODE_SIGN_STYLE = Automatic;
				DEVELOPMENT_TEAM = JL7UZ93S3L;
				INFOPLIST_FILE = TaskZeroUITests/Info.plist;
				LD_RUNPATH_SEARCH_PATHS = (
					"$(inherited)",
					"@executable_path/Frameworks",
					"@loader_path/Frameworks",
				);
				PRODUCT_BUNDLE_IDENTIFIER = tdc.TaskZeroUITests;
				PRODUCT_NAME = "$(TARGET_NAME)";
				SWIFT_VERSION = 5.0;
				TARGETED_DEVICE_FAMILY = "1,2";
				TEST_TARGET_NAME = TaskZero;
			};
			name = Release;
		};
/* End XCBuildConfiguration section */

/* Begin XCConfigurationList section */
		369C40CA25598B420026ACBB /* Build configuration list for PBXProject "TaskZero" */ = {
			isa = XCConfigurationList;
			buildConfigurations = (
				369C40F725598B440026ACBB /* Debug */,
				369C40F825598B440026ACBB /* Release */,
			);
			defaultConfigurationIsVisible = 0;
			defaultConfigurationName = Release;
		};
		369C40F925598B440026ACBB /* Build configuration list for PBXNativeTarget "TaskZero" */ = {
			isa = XCConfigurationList;
			buildConfigurations = (
				369C40FA25598B440026ACBB /* Debug */,
				369C40FB25598B440026ACBB /* Release */,
			);
			defaultConfigurationIsVisible = 0;
			defaultConfigurationName = Release;
		};
		369C40FC25598B440026ACBB /* Build configuration list for PBXNativeTarget "TaskZeroTests" */ = {
			isa = XCConfigurationList;
			buildConfigurations = (
				369C40FD25598B440026ACBB /* Debug */,
				369C40FE25598B440026ACBB /* Release */,
			);
			defaultConfigurationIsVisible = 0;
			defaultConfigurationName = Release;
		};
		369C40FF25598B440026ACBB /* Build configuration list for PBXNativeTarget "TaskZeroUITests" */ = {
			isa = XCConfigurationList;
			buildConfigurations = (
				369C410025598B440026ACBB /* Debug */,
				369C410125598B440026ACBB /* Release */,
			);
			defaultConfigurationIsVisible = 0;
			defaultConfigurationName = Release;
		};
/* End XCConfigurationList section */
	};
	rootObject = 369C40C725598B420026ACBB /* Project object */;
}
